
Microsoft Visual Studio Solution File, Format Version 12.00
# Visual Studio Version 17
VisualStudioVersion = 17.7.34003.232
MinimumVisualStudioVersion = 10.0.40219.1
Project("{FAE04EC0-301F-11D3-BF4B-00C04F79EFBC}") = "prjWebCsAdoDataSet", "prjWebCsAdoDataSet\prjWebCsAdoDataSet.csproj", "{FB2E4ED8-F4B8-48D9-9C3F-51FA05268E70}"
EndProject
Global
	GlobalSection(SolutionConfigurationPlatforms) = preSolution
		Debug|Any CPU = Debug|Any CPU
		Release|Any CPU = Release|Any CPU
	EndGlobalSection
	GlobalSection(ProjectConfigurationPlatforms) = postSolution
		{FB2E4ED8-F4B8-48D9-9C3F-51FA05268E70}.Debug|Any CPU.ActiveCfg = Debug|Any CPU
		{FB2E4ED8-F4B8-48D9-9C3F-51FA05268E70}.Debug|Any CPU.Build.0 = Debug|Any CPU
		{FB2E4ED8-F4B8-48D9-9C3F-51FA05268E70}.Release|Any CPU.ActiveCfg = Release|Any CPU
		{FB2E4ED8-F4B8-48D9-9C3F-51FA05268E70}.Release|Any CPU.Build.0 = Release|Any CPU
	EndGlobalSection
	GlobalSection(SolutionProperties) = preSolution
		HideSolutionNode = FALSE
	EndGlobalSection
	GlobalSection(ExtensibilityGlobals) = postSolution
		SolutionGuid = {33D97938-2500-426B-A4A7-B14C47E81ADD}
	EndGlobalSection
EndGlobal
